<?xml version="1.0" encoding="utf-8"?>
<Project ToolsVersion="4.0" xmlns="http://schemas.microsoft.com/developer/msbuild/2003">
  <ItemGroup>
    <Filter Include="Source Files">
      <UniqueIdentifier>{4FC737F1-C7A5-4376-A066-2A32D752A2FF}</UniqueIdentifier>
      <Extensions>cpp;c;cc;cxx;c++;cppm;ixx;def;odl;idl;hpj;bat;asm;asmx</Extensions>
    </Filter>
    <Filter Include="Header Files">
      <UniqueIdentifier>{93995380-89BD-4b04-88EB-625FBE52EBFB}</UniqueIdentifier>
      <Extensions>h;hh;hpp;hxx;h++;hm;inl;inc;ipp;xsd</Extensions>
    </Filter>
    <Filter Include="Resource Files">
      <UniqueIdentifier>{67DA6AB6-F800-4c08-8B7A-83BB121AAD01}</UniqueIdentifier>
      <Extensions>rc;ico;cur;bmp;dlg;rc2;rct;bin;rgs;gif;jpg;jpeg;jpe;resx;tiff;tif;png;wav;mfcribbon-ms</Extensions>
    </Filter>
  </ItemGroup>
  <ItemGroup>
    <ClInclude Include="moveOS\Task.h">
      <Filter>Header Files</Filter>
    </ClInclude>
    <ClInclude Include="moveOS\ThreadTask.h">
      <Filter>Header Files</Filter>
    </ClInclude>
    <ClInclude Include="moveOS\ExecutionManager.h">
      <Filter>Header Files</Filter>
    </ClInclude>
    <ClInclude Include="moveOS\StateMachine.h">
      <Filter>Header Files</Filter>
    </ClInclude>
    <ClInclude Include="moveOS\Event.h">
      <Filter>Header Files</Filter>
    </ClInclude>
    <ClInclude Include="moveOS\EventsDispatcher.h">
      <Filter>Header Files</Filter>
    </ClInclude>
    <ClInclude Include="moveOS\State.h">
      <Filter>Header Files</Filter>
    </ClInclude>
    <ClInclude Include="moveOS\VarsUpdater.h">
      <Filter>Header Files</Filter>
    </ClInclude>
    <ClInclude Include="moveOS\ConfigurationProvider.h">
      <Filter>Header Files</Filter>
    </ClInclude>
    <ClInclude Include="inc\utilities\MConfigurationProvider.h">
      <Filter>Header Files</Filter>
    </ClInclude>
    <ClInclude Include="inc\base\MEvent.h">
      <Filter>Header Files</Filter>
    </ClInclude>
    <ClInclude Include="inc\kernel\MEventsDispatcher.h">
      <Filter>Header Files</Filter>
    </ClInclude>
    <ClInclude Include="inc\kernel\MExecutionManager.h">
      <Filter>Header Files</Filter>
    </ClInclude>
    <ClInclude Include="inc\_config.h">
      <Filter>Header Files</Filter>
    </ClInclude>
    <ClInclude Include="inc\utilities\MState.h">
      <Filter>Header Files</Filter>
    </ClInclude>
    <ClInclude Include="inc\utilities\MStateMachine.h">
      <Filter>Header Files</Filter>
    </ClInclude>
    <ClInclude Include="inc\base\MWork.h">
      <Filter>Header Files</Filter>
    </ClInclude>
    <ClInclude Include="inc\base\MContinuousWork.h">
      <Filter>Header Files</Filter>
    </ClInclude>
    <ClInclude Include="inc\utilities\MVarsUpdater.h">
      <Filter>Header Files</Filter>
    </ClInclude>
    <ClInclude Include="src\_internal_inc\macros.h">
      <Filter>Header Files</Filter>
    </ClInclude>
    <ClInclude Include="inc\moveOS.h">
      <Filter>Header Files</Filter>
    </ClInclude>
    <ClInclude Include="inc\base\MEventWorkItem.h">
      <Filter>Header Files</Filter>
    </ClInclude>
    <ClInclude Include="inc\_types.h">
      <Filter>Header Files</Filter>
    </ClInclude>
    <ClInclude Include="inc\utilities\MCommUdpClient.h">
      <Filter>Header Files</Filter>
    </ClInclude>
    <ClInclude Include="inc\utilities\MCommTcpClient.h">
      <Filter>Header Files</Filter>
    </ClInclude>
    <ClInclude Include="inc\base\MLogger.h">
      <Filter>Header Files</Filter>
    </ClInclude>
    <ClInclude Include="inc\base\MLoggerConsole.h">
      <Filter>Header Files</Filter>
    </ClInclude>
    <ClInclude Include="inc\base\MLoggerBlank.h">
      <Filter>Header Files</Filter>
    </ClInclude>
    <ClInclude Include="inc\base\MLoggerFileDump.h">
      <Filter>Header Files</Filter>
    </ClInclude>
    <ClInclude Include="inc\base\MObjectProvider.h">
      <Filter>Header Files</Filter>
    </ClInclude>
    <ClInclude Include="inc\base\MLoggerSplit.h">
      <Filter>Header Files</Filter>
    </ClInclude>
    <ClInclude Include="inc\utilities\MCommTcpServer.h">
      <Filter>Header Files</Filter>
    </ClInclude>
  </ItemGroup>
  <ItemGroup>
    <ClCompile Include="src\base\Work.cpp">
      <Filter>Source Files</Filter>
    </ClCompile>
    <ClCompile Include="src\base\ContinuousWork.cpp">
      <Filter>Source Files</Filter>
    </ClCompile>
    <ClCompile Include="src\kernel\ExecutionManager.cpp">
      <Filter>Source Files</Filter>
    </ClCompile>
    <ClCompile Include="src\utilities\statemachine\StateMachine.cpp">
      <Filter>Source Files</Filter>
    </ClCompile>
    <ClCompile Include="src\base\Event.cpp">
      <Filter>Source Files</Filter>
    </ClCompile>
    <ClCompile Include="src\kernel\EventsDispatcher.cpp">
      <Filter>Source Files</Filter>
    </ClCompile>
    <ClCompile Include="src\utilities\statemachine\State.cpp">
      <Filter>Source Files</Filter>
    </ClCompile>
    <ClCompile Include="src\utilities\vars\VarsUpdater.cpp">
      <Filter>Source Files</Filter>
    </ClCompile>
    <ClCompile Include="src\utilities\config\ConfigurationProvider.cpp">
      <Filter>Source Files</Filter>
    </ClCompile>
    <ClCompile Include="src\base\EventWorkItem.cpp">
      <Filter>Source Files</Filter>
    </ClCompile>
    <ClCompile Include="src\utilities\comm\CommUdpClient.cpp">
      <Filter>Source Files</Filter>
    </ClCompile>
    <ClCompile Include="src\utilities\comm\CommTcpClient.cpp">
      <Filter>Source Files</Filter>
    </ClCompile>
    <ClCompile Include="src\base\Logger.cpp">
      <Filter>Source Files</Filter>
    </ClCompile>
    <ClCompile Include="src\base\LoggerConsole.cpp">
      <Filter>Source Files</Filter>
    </ClCompile>
    <ClCompile Include="src\base\LoggerBlank.cpp">
      <Filter>Source Files</Filter>
    </ClCompile>
    <ClCompile Include="src\base\LoggerFileDump.cpp">
      <Filter>Source Files</Filter>
    </ClCompile>
    <ClCompile Include="src\base\ObjectProvider.cpp">
      <Filter>Source Files</Filter>
    </ClCompile>
    <ClCompile Include="src\base\LoggerSplit.cpp">
      <Filter>Source Files</Filter>
    </ClCompile>
    <ClCompile Include="src\utilities\comm\CommTcpServer.cpp">
      <Filter>Source Files</Filter>
    </ClCompile>
  </ItemGroup>
</Project>